
Microsoft Visual Studio Solution File, Format Version 12.00
# Visual Studio Version 17
VisualStudioVersion = 17.2.32516.85
MinimumVisualStudioVersion = 10.0.40219.1
Project("{FAE04EC0-301F-11D3-BF4B-00C04F79EFBC}") = "TestNinja", "TestNinja\TestNinja.csproj", "{B0F25EFD-8F44-4FD1-ADFD-D3A979750D2D}"
EndProject
Project("{FAE04EC0-301F-11D3-BF4B-00C04F79EFBC}") = "TestNinja.TestProject", "TestNinja.TestProject\TestNinja.TestProject.csproj", "{CEF0746B-952C-44FC-9A3B-89284A8617E6}"
EndProject
Global
	GlobalSection(SolutionConfigurationPlatforms) = preSolution
		Debug|Any CPU = Debug|Any CPU
		Release|Any CPU = Release|Any CPU
	EndGlobalSection
	GlobalSection(ProjectConfigurationPlatforms) = postSolution
		{B0F25EFD-8F44-4FD1-ADFD-D3A979750D2D}.Debug|Any CPU.ActiveCfg = Debug|Any CPU
		{B0F25EFD-8F44-4FD1-ADFD-D3A979750D2D}.Debug|Any CPU.Build.0 = Debug|Any CPU
		{B0F25EFD-8F44-4FD1-ADFD-D3A979750D2D}.Release|Any CPU.ActiveCfg = Release|Any CPU
		{B0F25EFD-8F44-4FD1-ADFD-D3A979750D2D}.Release|Any CPU.Build.0 = Release|Any CPU
		{CEF0746B-952C-44FC-9A3B-89284A8617E6}.Debug|Any CPU.ActiveCfg = Debug|Any CPU
		{CEF0746B-952C-44FC-9A3B-89284A8617E6}.Debug|Any CPU.Build.0 = Debug|Any CPU
		{CEF0746B-952C-44FC-9A3B-89284A8617E6}.Release|Any CPU.ActiveCfg = Release|Any CPU
		{CEF0746B-952C-44FC-9A3B-89284A8617E6}.Release|Any CPU.Build.0 = Release|Any CPU
	EndGlobalSection
	GlobalSection(SolutionProperties) = preSolution
		HideSolutionNode = FALSE
	EndGlobalSection
	GlobalSection(ExtensibilityGlobals) = postSolution
		SolutionGuid = {C5C0453E-E607-453D-8E06-82A110F19458}
	EndGlobalSection
EndGlobal
